
Microsoft Visual Studio Solution File, Format Version 12.00
# Visual Studio Version 17
VisualStudioVersion = 17.5.002.0
MinimumVisualStudioVersion = 10.0.40219.1
Project("{9A19103F-16F7-4668-BE54-9A1E7A4F7556}") = "CollectionsPractice", "CollectionsPractice.csproj", "{9E29AE22-A54E-4931-A9A5-9A15B03BA8B9}"
EndProject
Global
	GlobalSection(SolutionConfigurationPlatforms) = preSolution
		Debug|Any CPU = Debug|Any CPU
		Release|Any CPU = Release|Any CPU
	EndGlobalSection
	GlobalSection(ProjectConfigurationPlatforms) = postSolution
		{9E29AE22-A54E-4931-A9A5-9A15B03BA8B9}.Debug|Any CPU.ActiveCfg = Debug|Any CPU
		{9E29AE22-A54E-4931-A9A5-9A15B03BA8B9}.Debug|Any CPU.Build.0 = Debug|Any CPU
		{9E29AE22-A54E-4931-A9A5-9A15B03BA8B9}.Release|Any CPU.ActiveCfg = Release|Any CPU
		{9E29AE22-A54E-4931-A9A5-9A15B03BA8B9}.Release|Any CPU.Build.0 = Release|Any CPU
	EndGlobalSection
	GlobalSection(SolutionProperties) = preSolution
		HideSolutionNode = FALSE
	EndGlobalSection
	GlobalSection(ExtensibilityGlobals) = postSolution
		SolutionGuid = {30666954-009B-409E-A9E0-DFF0594CC31D}
	EndGlobalSection
EndGlobal
