
Microsoft Visual Studio Solution File, Format Version 12.00
# Visual Studio Version 17
VisualStudioVersion = 17.5.002.0
MinimumVisualStudioVersion = 10.0.40219.1
Project("{9A19103F-16F7-4668-BE54-9A1E7A4F7556}") = "ECommerce", "ECommerce.csproj", "{726BD1AD-77E9-4384-8AE0-D821D7ED7981}"
EndProject
Global
	GlobalSection(SolutionConfigurationPlatforms) = preSolution
		Debug|Any CPU = Debug|Any CPU
		Release|Any CPU = Release|Any CPU
	EndGlobalSection
	GlobalSection(ProjectConfigurationPlatforms) = postSolution
		{726BD1AD-77E9-4384-8AE0-D821D7ED7981}.Debug|Any CPU.ActiveCfg = Debug|Any CPU
		{726BD1AD-77E9-4384-8AE0-D821D7ED7981}.Debug|Any CPU.Build.0 = Debug|Any CPU
		{726BD1AD-77E9-4384-8AE0-D821D7ED7981}.Release|Any CPU.ActiveCfg = Release|Any CPU
		{726BD1AD-77E9-4384-8AE0-D821D7ED7981}.Release|Any CPU.Build.0 = Release|Any CPU
	EndGlobalSection
	GlobalSection(SolutionProperties) = preSolution
		HideSolutionNode = FALSE
	EndGlobalSection
	GlobalSection(ExtensibilityGlobals) = postSolution
		SolutionGuid = {727DF199-AEC3-4EAE-838E-0BF1A38E0858}
	EndGlobalSection
EndGlobal
